// !$*UTF8*$!
{
	archiveVersion = 1;
	classes = {
	};
	objectVersion = 50;
	objects = {

/* Begin PBXBuildFile section */
		8987DE64DB647A13AB0ABBEC /* Pods_GithubBrowser.framework in Frameworks */ = {isa = PBXBuildFile; fileRef = 3799CCC72B32A2A11B1FBF6E /* Pods_GithubBrowser.framework */; };
		C739C25D20F16859009BB2CB /* AppDelegate.swift in Sources */ = {isa = PBXBuildFile; fileRef = C739C25C20F16859009BB2CB /* AppDelegate.swift */; };
		C739C26420F1685B009BB2CB /* Assets.xcassets in Resources */ = {isa = PBXBuildFile; fileRef = C739C26320F1685B009BB2CB /* Assets.xcassets */; };
		C739C26720F1685B009BB2CB /* LaunchScreen.storyboard in Resources */ = {isa = PBXBuildFile; fileRef = C739C26520F1685B009BB2CB /* LaunchScreen.storyboard */; };
		C739C27220F16A7F009BB2CB /* StartScreenViewController.swift in Sources */ = {isa = PBXBuildFile; fileRef = C739C27120F16A7F009BB2CB /* StartScreenViewController.swift */; };
		C765687620F2DD2900AD4D12 /* UIHelpers.swift in Sources */ = {isa = PBXBuildFile; fileRef = C765687520F2DD2900AD4D12 /* UIHelpers.swift */; };
		C765687820F990A500AD4D12 /* StartScreenViewModel.swift in Sources */ = {isa = PBXBuildFile; fileRef = C765687720F990A500AD4D12 /* StartScreenViewModel.swift */; };
		C765687B20F99B5200AD4D12 /* Coordinator.swift in Sources */ = {isa = PBXBuildFile; fileRef = C765687A20F99B5200AD4D12 /* Coordinator.swift */; };
		C765687F20F99DA800AD4D12 /* StartScreenCoordinator.swift in Sources */ = {isa = PBXBuildFile; fileRef = C765687E20F99DA800AD4D12 /* StartScreenCoordinator.swift */; };
/* End PBXBuildFile section */

/* Begin PBXFileReference section */
		2DC5F187AEEA602F9B5851CD /* Pods-GithubBrowser.release.xcconfig */ = {isa = PBXFileReference; includeInIndex = 1; lastKnownFileType = text.xcconfig; name = "Pods-GithubBrowser.release.xcconfig"; path = "Pods/Target Support Files/Pods-GithubBrowser/Pods-GithubBrowser.release.xcconfig"; sourceTree = "<group>"; };
		3799CCC72B32A2A11B1FBF6E /* Pods_GithubBrowser.framework */ = {isa = PBXFileReference; explicitFileType = wrapper.framework; includeInIndex = 0; path = Pods_GithubBrowser.framework; sourceTree = BUILT_PRODUCTS_DIR; };
		C739C25920F16859009BB2CB /* GithubBrowser.app */ = {isa = PBXFileReference; explicitFileType = wrapper.application; includeInIndex = 0; path = GithubBrowser.app; sourceTree = BUILT_PRODUCTS_DIR; };
		C739C25C20F16859009BB2CB /* AppDelegate.swift */ = {isa = PBXFileReference; lastKnownFileType = sourcecode.swift; path = AppDelegate.swift; sourceTree = "<group>"; };
		C739C26320F1685B009BB2CB /* Assets.xcassets */ = {isa = PBXFileReference; lastKnownFileType = folder.assetcatalog; path = Assets.xcassets; sourceTree = "<group>"; };
		C739C26620F1685B009BB2CB /* Base */ = {isa = PBXFileReference; lastKnownFileType = file.storyboard; name = Base; path = Base.lproj/LaunchScreen.storyboard; sourceTree = "<group>"; };
		C739C26820F1685B009BB2CB /* Info.plist */ = {isa = PBXFileReference; lastKnownFileType = text.plist.xml; path = Info.plist; sourceTree = "<group>"; };
		C739C27120F16A7F009BB2CB /* StartScreenViewController.swift */ = {isa = PBXFileReference; lastKnownFileType = sourcecode.swift; path = StartScreenViewController.swift; sourceTree = "<group>"; };
		C765687520F2DD2900AD4D12 /* UIHelpers.swift */ = {isa = PBXFileReference; lastKnownFileType = sourcecode.swift; path = UIHelpers.swift; sourceTree = "<group>"; };
		C765687720F990A500AD4D12 /* StartScreenViewModel.swift */ = {isa = PBXFileReference; lastKnownFileType = sourcecode.swift; path = StartScreenViewModel.swift; sourceTree = "<group>"; };
		C765687A20F99B5200AD4D12 /* Coordinator.swift */ = {isa = PBXFileReference; lastKnownFileType = sourcecode.swift; path = Coordinator.swift; sourceTree = "<group>"; };
		C765687E20F99DA800AD4D12 /* StartScreenCoordinator.swift */ = {isa = PBXFileReference; lastKnownFileType = sourcecode.swift; path = StartScreenCoordinator.swift; sourceTree = "<group>"; };
		DABA7231D20219C2778FC8D2 /* Pods-GithubBrowser.debug.xcconfig */ = {isa = PBXFileReference; includeInIndex = 1; lastKnownFileType = text.xcconfig; name = "Pods-GithubBrowser.debug.xcconfig"; path = "Pods/Target Support Files/Pods-GithubBrowser/Pods-GithubBrowser.debug.xcconfig"; sourceTree = "<group>"; };
/* End PBXFileReference section */

/* Begin PBXFrameworksBuildPhase section */
		C739C25620F16859009BB2CB /* Frameworks */ = {
			isa = PBXFrameworksBuildPhase;
			buildActionMask = 2147483647;
			files = (
				8987DE64DB647A13AB0ABBEC /* Pods_GithubBrowser.framework in Frameworks */,
			);
			runOnlyForDeploymentPostprocessing = 0;
		};
/* End PBXFrameworksBuildPhase section */

/* Begin PBXGroup section */
		3DD804BCF5A93F01665D6142 /* Frameworks */ = {
			isa = PBXGroup;
			children = (
				3799CCC72B32A2A11B1FBF6E /* Pods_GithubBrowser.framework */,
			);
			name = Frameworks;
			sourceTree = "<group>";
		};
		C739C25020F16859009BB2CB = {
			isa = PBXGroup;
			children = (
				C739C25B20F16859009BB2CB /* GithubBrowser */,
				C739C25A20F16859009BB2CB /* Products */,
				E4A7DA6B874B80B2F8955C3E /* Pods */,
				3DD804BCF5A93F01665D6142 /* Frameworks */,
			);
			sourceTree = "<group>";
		};
		C739C25A20F16859009BB2CB /* Products */ = {
			isa = PBXGroup;
			children = (
				C739C25920F16859009BB2CB /* GithubBrowser.app */,
			);
			name = Products;
			sourceTree = "<group>";
		};
		C739C25B20F16859009BB2CB /* GithubBrowser */ = {
			isa = PBXGroup;
			children = (
				C765687920F99B1E00AD4D12 /* Coordinators */,
				C765687420F2DD0C00AD4D12 /* UIHelpers */,
				C739C27020F16A22009BB2CB /* Model */,
				C739C26F20F16A1B009BB2CB /* ViewModel */,
				C739C26E20F16A11009BB2CB /* View */,
				C739C25C20F16859009BB2CB /* AppDelegate.swift */,
				C739C26320F1685B009BB2CB /* Assets.xcassets */,
				C739C26520F1685B009BB2CB /* LaunchScreen.storyboard */,
				C739C26820F1685B009BB2CB /* Info.plist */,
			);
			path = GithubBrowser;
			sourceTree = "<group>";
		};
		C739C26E20F16A11009BB2CB /* View */ = {
			isa = PBXGroup;
			children = (
				C739C27120F16A7F009BB2CB /* StartScreenViewController.swift */,
			);
			path = View;
			sourceTree = "<group>";
		};
		C739C26F20F16A1B009BB2CB /* ViewModel */ = {
			isa = PBXGroup;
			children = (
				C765687720F990A500AD4D12 /* StartScreenViewModel.swift */,
			);
			path = ViewModel;
			sourceTree = "<group>";
		};
		C739C27020F16A22009BB2CB /* Model */ = {
			isa = PBXGroup;
			children = (
			);
			path = Model;
			sourceTree = "<group>";
		};
		C765687420F2DD0C00AD4D12 /* UIHelpers */ = {
			isa = PBXGroup;
			children = (
				C765687520F2DD2900AD4D12 /* UIHelpers.swift */,
			);
			path = UIHelpers;
			sourceTree = "<group>";
		};
		C765687920F99B1E00AD4D12 /* Coordinators */ = {
			isa = PBXGroup;
			children = (
				C765687A20F99B5200AD4D12 /* Coordinator.swift */,
				C765687E20F99DA800AD4D12 /* StartScreenCoordinator.swift */,
			);
			path = Coordinators;
			sourceTree = "<group>";
		};
		E4A7DA6B874B80B2F8955C3E /* Pods */ = {
			isa = PBXGroup;
			children = (
				DABA7231D20219C2778FC8D2 /* Pods-GithubBrowser.debug.xcconfig */,
				2DC5F187AEEA602F9B5851CD /* Pods-GithubBrowser.release.xcconfig */,
			);
			name = Pods;
			sourceTree = "<group>";
		};
/* End PBXGroup section */

/* Begin PBXNativeTarget section */
		C739C25820F16859009BB2CB /* GithubBrowser */ = {
			isa = PBXNativeTarget;
			buildConfigurationList = C739C26B20F1685B009BB2CB /* Build configuration list for PBXNativeTarget "GithubBrowser" */;
			buildPhases = (
				2A6C6B0924B9EA9C6239DFAC /* [CP] Check Pods Manifest.lock */,
				C739C25520F16859009BB2CB /* Sources */,
				C739C25620F16859009BB2CB /* Frameworks */,
				C739C25720F16859009BB2CB /* Resources */,
				364393C51D784FB070004D52 /* [CP] Embed Pods Frameworks */,
			);
			buildRules = (
			);
			dependencies = (
			);
			name = GithubBrowser;
			productName = GithubBrowser;
			productReference = C739C25920F16859009BB2CB /* GithubBrowser.app */;
			productType = "com.apple.product-type.application";
		};
/* End PBXNativeTarget section */

/* Begin PBXProject section */
		C739C25120F16859009BB2CB /* Project object */ = {
			isa = PBXProject;
			attributes = {
				LastSwiftUpdateCheck = 0940;
				LastUpgradeCheck = 0940;
				ORGANIZATIONNAME = "Giorgi Khorguani";
				TargetAttributes = {
					C739C25820F16859009BB2CB = {
						CreatedOnToolsVersion = 9.4.1;
					};
				};
			};
			buildConfigurationList = C739C25420F16859009BB2CB /* Build configuration list for PBXProject "GithubBrowser" */;
			compatibilityVersion = "Xcode 9.3";
			developmentRegion = en;
			hasScannedForEncodings = 0;
			knownRegions = (
				en,
				Base,
			);
			mainGroup = C739C25020F16859009BB2CB;
			productRefGroup = C739C25A20F16859009BB2CB /* Products */;
			projectDirPath = "";
			projectRoot = "";
			targets = (
				C739C25820F16859009BB2CB /* GithubBrowser */,
			);
		};
/* End PBXProject section */

/* Begin PBXResourcesBuildPhase section */
		C739C25720F16859009BB2CB /* Resources */ = {
			isa = PBXResourcesBuildPhase;
			buildActionMask = 2147483647;
			files = (
				C739C26720F1685B009BB2CB /* LaunchScreen.storyboard in Resources */,
				C739C26420F1685B009BB2CB /* Assets.xcassets in Resources */,
			);
			runOnlyForDeploymentPostprocessing = 0;
		};
/* End PBXResourcesBuildPhase section */

/* Begin PBXShellScriptBuildPhase section */
		2A6C6B0924B9EA9C6239DFAC /* [CP] Check Pods Manifest.lock */ = {
			isa = PBXShellScriptBuildPhase;
			buildActionMask = 2147483647;
			files = (
			);
			inputPaths = (
				"${PODS_PODFILE_DIR_PATH}/Podfile.lock",
				"${PODS_ROOT}/Manifest.lock",
			);
			name = "[CP] Check Pods Manifest.lock";
			outputPaths = (
				"$(DERIVED_FILE_DIR)/Pods-GithubBrowser-checkManifestLockResult.txt",
			);
			runOnlyForDeploymentPostprocessing = 0;
			shellPath = /bin/sh;
			shellScript = "diff \"${PODS_PODFILE_DIR_PATH}/Podfile.lock\" \"${PODS_ROOT}/Manifest.lock\" > /dev/null\nif [ $? != 0 ] ; then\n    # print error to STDERR\n    echo \"error: The sandbox is not in sync with the Podfile.lock. Run 'pod install' or update your CocoaPods installation.\" >&2\n    exit 1\nfi\n# This output is used by Xcode 'outputs' to avoid re-running this script phase.\necho \"SUCCESS\" > \"${SCRIPT_OUTPUT_FILE_0}\"\n";
			showEnvVarsInLog = 0;
		};
		364393C51D784FB070004D52 /* [CP] Embed Pods Frameworks */ = {
			isa = PBXShellScriptBuildPhase;
			buildActionMask = 2147483647;
			files = (
			);
			inputPaths = (
				"${SRCROOT}/Pods/Target Support Files/Pods-GithubBrowser/Pods-GithubBrowser-frameworks.sh",
				"${BUILT_PRODUCTS_DIR}/SnapKit/SnapKit.framework",
			);
			name = "[CP] Embed Pods Frameworks";
			outputPaths = (
				"${TARGET_BUILD_DIR}/${FRAMEWORKS_FOLDER_PATH}/SnapKit.framework",
			);
			runOnlyForDeploymentPostprocessing = 0;
			shellPath = /bin/sh;
			shellScript = "\"${SRCROOT}/Pods/Target Support Files/Pods-GithubBrowser/Pods-GithubBrowser-frameworks.sh\"\n";
			showEnvVarsInLog = 0;
		};
/* End PBXShellScriptBuildPhase section */

/* Begin PBXSourcesBuildPhase section */
		C739C25520F16859009BB2CB /* Sources */ = {
			isa = PBXSourcesBuildPhase;
			buildActionMask = 2147483647;
			files = (
				C765687F20F99DA800AD4D12 /* StartScreenCoordinator.swift in Sources */,
				C765687620F2DD2900AD4D12 /* UIHelpers.swift in Sources */,
				C739C27220F16A7F009BB2CB /* StartScreenViewController.swift in Sources */,
				C765687B20F99B5200AD4D12 /* Coordinator.swift in Sources */,
				C739C25D20F16859009BB2CB /* AppDelegate.swift in Sources */,
				C765687820F990A500AD4D12 /* StartScreenViewModel.swift in Sources */,
			);
			runOnlyForDeploymentPostprocessing = 0;
		};
/* End PBXSourcesBuildPhase section */

/* Begin PBXVariantGroup section */
		C739C26520F1685B009BB2CB /* LaunchScreen.storyboard */ = {
			isa = PBXVariantGroup;
			children = (
				C739C26620F1685B009BB2CB /* Base */,
			);
			name = LaunchScreen.storyboard;
			sourceTree = "<group>";
		};
/* End PBXVariantGroup section */

/* Begin XCBuildConfiguration section */
		C739C26920F1685B009BB2CB /* Debug */ = {
			isa = XCBuildConfiguration;
			buildSettings = {
				ALWAYS_SEARCH_USER_PATHS = NO;
				CLANG_ANALYZER_NONNULL = YES;
				CLANG_ANALYZER_NUMBER_OBJECT_CONVERSION = YES_AGGRESSIVE;
				CLANG_CXX_LANGUAGE_STANDARD = "gnu++14";
				CLANG_CXX_LIBRARY = "libc++";
				CLANG_ENABLE_MODULES = YES;
				CLANG_ENABLE_OBJC_ARC = YES;
				CLANG_ENABLE_OBJC_WEAK = YES;
				CLANG_WARN_BLOCK_CAPTURE_AUTORELEASING = YES;
				CLANG_WARN_BOOL_CONVERSION = YES;
				CLANG_WARN_COMMA = YES;
				CLANG_WARN_CONSTANT_CONVERSION = YES;
				CLANG_WARN_DEPRECATED_OBJC_IMPLEMENTATIONS = YES;
				CLANG_WARN_DIRECT_OBJC_ISA_USAGE = YES_ERROR;
				CLANG_WARN_DOCUMENTATION_COMMENTS = YES;
				CLANG_WARN_EMPTY_BODY = YES;
				CLANG_WARN_ENUM_CONVERSION = YES;
				CLANG_WARN_INFINITE_RECURSION = YES;
				CLANG_WARN_INT_CONVERSION = YES;
				CLANG_WARN_NON_LITERAL_NULL_CONVERSION = YES;
				CLANG_WARN_OBJC_IMPLICIT_RETAIN_SELF = YES;
				CLANG_WARN_OBJC_LITERAL_CONVERSION = YES;
				CLANG_WARN_OBJC_ROOT_CLASS = YES_ERROR;
				CLANG_WARN_RANGE_LOOP_ANALYSIS = YES;
				CLANG_WARN_STRICT_PROTOTYPES = YES;
				CLANG_WARN_SUSPICIOUS_MOVE = YES;
				CLANG_WARN_UNGUARDED_AVAILABILITY = YES_AGGRESSIVE;
				CLANG_WARN_UNREACHABLE_CODE = YES;
				CLANG_WARN__DUPLICATE_METHOD_MATCH = YES;
				CODE_SIGN_IDENTITY = "iPhone Developer";
				COPY_PHASE_STRIP = NO;
				DEBUG_INFORMATION_FORMAT = dwarf;
				ENABLE_STRICT_OBJC_MSGSEND = YES;
				ENABLE_TESTABILITY = YES;
				GCC_C_LANGUAGE_STANDARD = gnu11;
				GCC_DYNAMIC_NO_PIC = NO;
				GCC_NO_COMMON_BLOCKS = YES;
				GCC_OPTIMIZATION_LEVEL = 0;
				GCC_PREPROCESSOR_DEFINITIONS = (
					"DEBUG=1",
					"$(inherited)",
				);
				GCC_WARN_64_TO_32_BIT_CONVERSION = YES;
				GCC_WARN_ABOUT_RETURN_TYPE = YES_ERROR;
				GCC_WARN_UNDECLARED_SELECTOR = YES;
				GCC_WARN_UNINITIALIZED_AUTOS = YES_AGGRESSIVE;
				GCC_WARN_UNUSED_FUNCTION = YES;
				GCC_WARN_UNUSED_VARIABLE = YES;
				IPHONEOS_DEPLOYMENT_TARGET = 11.4;
				MTL_ENABLE_DEBUG_INFO = YES;
				ONLY_ACTIVE_ARCH = YES;
				SDKROOT = iphoneos;
				SWIFT_ACTIVE_COMPILATION_CONDITIONS = DEBUG;
				SWIFT_OPTIMIZATION_LEVEL = "-Onone";
			};
			name = Debug;
		};
		C739C26A20F1685B009BB2CB /* Release */ = {
			isa = XCBuildConfiguration;
			buildSettings = {
				ALWAYS_SEARCH_USER_PATHS = NO;
				CLANG_ANALYZER_NONNULL = YES;
				CLANG_ANALYZER_NUMBER_OBJECT_CONVERSION = YES_AGGRESSIVE;
				CLANG_CXX_LANGUAGE_STANDARD = "gnu++14";
				CLANG_CXX_LIBRARY = "libc++";
				CLANG_ENABLE_MODULES = YES;
				CLANG_ENABLE_OBJC_ARC = YES;
				CLANG_ENABLE_OBJC_WEAK = YES;
				CLANG_WARN_BLOCK_CAPTURE_AUTORELEASING = YES;
				CLANG_WARN_BOOL_CONVERSION = YES;
				CLANG_WARN_COMMA = YES;
				CLANG_WARN_CONSTANT_CONVERSION = YES;
				CLANG_WARN_DEPRECATED_OBJC_IMPLEMENTATIONS = YES;
				CLANG_WARN_DIRECT_OBJC_ISA_USAGE = YES_ERROR;
				CLANG_WARN_DOCUMENTATION_COMMENTS = YES;
				CLANG_WARN_EMPTY_BODY = YES;
				CLANG_WARN_ENUM_CONVERSION = YES;
				CLANG_WARN_INFINITE_RECURSION = YES;
				CLANG_WARN_INT_CONVERSION = YES;
				CLANG_WARN_NON_LITERAL_NULL_CONVERSION = YES;
				CLANG_WARN_OBJC_IMPLICIT_RETAIN_SELF = YES;
				CLANG_WARN_OBJC_LITERAL_CONVERSION = YES;
				CLANG_WARN_OBJC_ROOT_CLASS = YES_ERROR;
				CLANG_WARN_RANGE_LOOP_ANALYSIS = YES;
				CLANG_WARN_STRICT_PROTOTYPES = YES;
				CLANG_WARN_SUSPICIOUS_MOVE = YES;
				CLANG_WARN_UNGUARDED_AVAILABILITY = YES_AGGRESSIVE;
				CLANG_WARN_UNREACHABLE_CODE = YES;
				CLANG_WARN__DUPLICATE_METHOD_MATCH = YES;
				CODE_SIGN_IDENTITY = "iPhone Developer";
				COPY_PHASE_STRIP = NO;
				DEBUG_INFORMATION_FORMAT = "dwarf-with-dsym";
				ENABLE_NS_ASSERTIONS = NO;
				ENABLE_STRICT_OBJC_MSGSEND = YES;
				GCC_C_LANGUAGE_STANDARD = gnu11;
				GCC_NO_COMMON_BLOCKS = YES;
				GCC_WARN_64_TO_32_BIT_CONVERSION = YES;
				GCC_WARN_ABOUT_RETURN_TYPE = YES_ERROR;
				GCC_WARN_UNDECLARED_SELECTOR = YES;
				GCC_WARN_UNINITIALIZED_AUTOS = YES_AGGRESSIVE;
				GCC_WARN_UNUSED_FUNCTION = YES;
				GCC_WARN_UNUSED_VARIABLE = YES;
				IPHONEOS_DEPLOYMENT_TARGET = 11.4;
				MTL_ENABLE_DEBUG_INFO = NO;
				SDKROOT = iphoneos;
				SWIFT_COMPILATION_MODE = wholemodule;
				SWIFT_OPTIMIZATION_LEVEL = "-O";
				VALIDATE_PRODUCT = YES;
			};
			name = Release;
		};
		C739C26C20F1685B009BB2CB /* Debug */ = {
			isa = XCBuildConfiguration;
			baseConfigurationReference = DABA7231D20219C2778FC8D2 /* Pods-GithubBrowser.debug.xcconfig */;
			buildSettings = {
				ASSETCATALOG_COMPILER_APPICON_NAME = AppIcon;
				CODE_SIGN_STYLE = Automatic;
				INFOPLIST_FILE = GithubBrowser/Info.plist;
				LD_RUNPATH_SEARCH_PATHS = (
					"$(inherited)",
					"@executable_path/Frameworks",
				);
				PRODUCT_BUNDLE_IDENTIFIER = gkhorguani.GithubBrowser;
				PRODUCT_NAME = "$(TARGET_NAME)";
				SWIFT_VERSION = 4.0;
				TARGETED_DEVICE_FAMILY = "1,2";
			};
			name = Debug;
		};
		C739C26D20F1685B009BB2CB /* Release */ = {
			isa = XCBuildConfiguration;
			baseConfigurationReference = 2DC5F187AEEA602F9B5851CD /* Pods-GithubBrowser.release.xcconfig */;
			buildSettings = {
				ASSETCATALOG_COMPILER_APPICON_NAME = AppIcon;
				CODE_SIGN_STYLE = Automatic;
				INFOPLIST_FILE = GithubBrowser/Info.plist;
				LD_RUNPATH_SEARCH_PATHS = (
					"$(inherited)",
					"@executable_path/Frameworks",
				);
				PRODUCT_BUNDLE_IDENTIFIER = gkhorguani.GithubBrowser;
				PRODUCT_NAME = "$(TARGET_NAME)";
				SWIFT_VERSION = 4.0;
				TARGETED_DEVICE_FAMILY = "1,2";
			};
			name = Release;
		};
/* End XCBuildConfiguration section */

/* Begin XCConfigurationList section */
		C739C25420F16859009BB2CB /* Build configuration list for PBXProject "GithubBrowser" */ = {
			isa = XCConfigurationList;
			buildConfigurations = (
				C739C26920F1685B009BB2CB /* Debug */,
				C739C26A20F1685B009BB2CB /* Release */,
			);
			defaultConfigurationIsVisible = 0;
			defaultConfigurationName = Release;
		};
		C739C26B20F1685B009BB2CB /* Build configuration list for PBXNativeTarget "GithubBrowser" */ = {
			isa = XCConfigurationList;
			buildConfigurations = (
				C739C26C20F1685B009BB2CB /* Debug */,
				C739C26D20F1685B009BB2CB /* Release */,
			);
			defaultConfigurationIsVisible = 0;
			defaultConfigurationName = Release;
		};
/* End XCConfigurationList section */
	};
	rootObject = C739C25120F16859009BB2CB /* Project object */;
}
